// !$*UTF8*$!
{
	archiveVersion = 1;
	classes = {
	};
	objectVersion = 48;
	objects = {

/* Begin PBXBuildFile section */
		3FB2C4E8207401EB00CF6463 /* AppDelegate.swift in Sources */ = {isa = PBXBuildFile; fileRef = 3FB2C4E7207401EB00CF6463 /* AppDelegate.swift */; };
		3FB2C4EA207401EB00CF6463 /* ViewController.swift in Sources */ = {isa = PBXBuildFile; fileRef = 3FB2C4E9207401EB00CF6463 /* ViewController.swift */; };
		3FB2C4ED207401EB00CF6463 /* Main.storyboard in Resources */ = {isa = PBXBuildFile; fileRef = 3FB2C4EB207401EB00CF6463 /* Main.storyboard */; };
		3FB2C4EF207401EB00CF6463 /* Assets.xcassets in Resources */ = {isa = PBXBuildFile; fileRef = 3FB2C4EE207401EB00CF6463 /* Assets.xcassets */; };
		3FB2C4F2207401EB00CF6463 /* LaunchScreen.storyboard in Resources */ = {isa = PBXBuildFile; fileRef = 3FB2C4F0207401EB00CF6463 /* LaunchScreen.storyboard */; };
		3FB2C4FD207401EB00CF6463 /* projectTests.swift in Sources */ = {isa = PBXBuildFile; fileRef = 3FB2C4FC207401EB00CF6463 /* projectTests.swift */; };
		3FB2C508207401EB00CF6463 /* projectUITests.swift in Sources */ = {isa = PBXBuildFile; fileRef = 3FB2C507207401EB00CF6463 /* projectUITests.swift */; };
		3FB2C5162074143B00CF6463 /* GroceryStoreListTableViewController.swift in Sources */ = {isa = PBXBuildFile; fileRef = 3FB2C5152074143B00CF6463 /* GroceryStoreListTableViewController.swift */; };
		3FB2C518207418A500CF6463 /* AddStoreTableViewController.swift in Sources */ = {isa = PBXBuildFile; fileRef = 3FB2C517207418A500CF6463 /* AddStoreTableViewController.swift */; };
		3FB2C51A2074194300CF6463 /* PickStoreImageTableViewController.swift in Sources */ = {isa = PBXBuildFile; fileRef = 3FB2C5192074194300CF6463 /* PickStoreImageTableViewController.swift */; };
		3FB2C53C2074352F00CF6463 /* Datamodel.xcdatamodeld in Sources */ = {isa = PBXBuildFile; fileRef = 3FB2C53A2074352F00CF6463 /* Datamodel.xcdatamodeld */; };
		3FB2C5442074398200CF6463 /* Store+CoreDataClass.swift in Sources */ = {isa = PBXBuildFile; fileRef = 3FB2C5422074398200CF6463 /* Store+CoreDataClass.swift */; };
		3FB2C5452074398200CF6463 /* Store+CoreDataProperties.swift in Sources */ = {isa = PBXBuildFile; fileRef = 3FB2C5432074398200CF6463 /* Store+CoreDataProperties.swift */; };
		3FD7C36D207546EA0036D8BD /* MapViewController.swift in Sources */ = {isa = PBXBuildFile; fileRef = 3FD7C36C207546EA0036D8BD /* MapViewController.swift */; };
/* End PBXBuildFile section */

/* Begin PBXContainerItemProxy section */
		3FB2C4F9207401EB00CF6463 /* PBXContainerItemProxy */ = {
			isa = PBXContainerItemProxy;
			containerPortal = 3FB2C4DC207401EB00CF6463 /* Project object */;
			proxyType = 1;
			remoteGlobalIDString = 3FB2C4E3207401EB00CF6463;
			remoteInfo = project;
		};
		3FB2C504207401EB00CF6463 /* PBXContainerItemProxy */ = {
			isa = PBXContainerItemProxy;
			containerPortal = 3FB2C4DC207401EB00CF6463 /* Project object */;
			proxyType = 1;
			remoteGlobalIDString = 3FB2C4E3207401EB00CF6463;
			remoteInfo = project;
		};
/* End PBXContainerItemProxy section */

/* Begin PBXFileReference section */
		3FB2C4E4207401EB00CF6463 /* project.app */ = {isa = PBXFileReference; explicitFileType = wrapper.application; includeInIndex = 0; path = project.app; sourceTree = BUILT_PRODUCTS_DIR; };
		3FB2C4E7207401EB00CF6463 /* AppDelegate.swift */ = {isa = PBXFileReference; lastKnownFileType = sourcecode.swift; path = AppDelegate.swift; sourceTree = "<group>"; };
		3FB2C4E9207401EB00CF6463 /* ViewController.swift */ = {isa = PBXFileReference; lastKnownFileType = sourcecode.swift; path = ViewController.swift; sourceTree = "<group>"; };
		3FB2C4EC207401EB00CF6463 /* Base */ = {isa = PBXFileReference; lastKnownFileType = file.storyboard; name = Base; path = Base.lproj/Main.storyboard; sourceTree = "<group>"; };
		3FB2C4EE207401EB00CF6463 /* Assets.xcassets */ = {isa = PBXFileReference; lastKnownFileType = folder.assetcatalog; path = Assets.xcassets; sourceTree = "<group>"; };
		3FB2C4F1207401EB00CF6463 /* Base */ = {isa = PBXFileReference; lastKnownFileType = file.storyboard; name = Base; path = Base.lproj/LaunchScreen.storyboard; sourceTree = "<group>"; };
		3FB2C4F3207401EB00CF6463 /* Info.plist */ = {isa = PBXFileReference; lastKnownFileType = text.plist.xml; path = Info.plist; sourceTree = "<group>"; };
		3FB2C4F8207401EB00CF6463 /* projectTests.xctest */ = {isa = PBXFileReference; explicitFileType = wrapper.cfbundle; includeInIndex = 0; path = projectTests.xctest; sourceTree = BUILT_PRODUCTS_DIR; };
		3FB2C4FC207401EB00CF6463 /* projectTests.swift */ = {isa = PBXFileReference; lastKnownFileType = sourcecode.swift; path = projectTests.swift; sourceTree = "<group>"; };
		3FB2C4FE207401EB00CF6463 /* Info.plist */ = {isa = PBXFileReference; lastKnownFileType = text.plist.xml; path = Info.plist; sourceTree = "<group>"; };
		3FB2C503207401EB00CF6463 /* projectUITests.xctest */ = {isa = PBXFileReference; explicitFileType = wrapper.cfbundle; includeInIndex = 0; path = projectUITests.xctest; sourceTree = BUILT_PRODUCTS_DIR; };
		3FB2C507207401EB00CF6463 /* projectUITests.swift */ = {isa = PBXFileReference; lastKnownFileType = sourcecode.swift; path = projectUITests.swift; sourceTree = "<group>"; };
		3FB2C509207401EB00CF6463 /* Info.plist */ = {isa = PBXFileReference; lastKnownFileType = text.plist.xml; path = Info.plist; sourceTree = "<group>"; };
		3FB2C5152074143B00CF6463 /* GroceryStoreListTableViewController.swift */ = {isa = PBXFileReference; lastKnownFileType = sourcecode.swift; path = GroceryStoreListTableViewController.swift; sourceTree = "<group>"; };
		3FB2C517207418A500CF6463 /* AddStoreTableViewController.swift */ = {isa = PBXFileReference; lastKnownFileType = sourcecode.swift; path = AddStoreTableViewController.swift; sourceTree = "<group>"; };
		3FB2C5192074194300CF6463 /* PickStoreImageTableViewController.swift */ = {isa = PBXFileReference; lastKnownFileType = sourcecode.swift; path = PickStoreImageTableViewController.swift; sourceTree = SOURCE_ROOT; };
		3FB2C53B2074352F00CF6463 /* Datamodel.xcdatamodel */ = {isa = PBXFileReference; lastKnownFileType = wrapper.xcdatamodel; path = Datamodel.xcdatamodel; sourceTree = "<group>"; };
		3FB2C5422074398200CF6463 /* Store+CoreDataClass.swift */ = {isa = PBXFileReference; lastKnownFileType = sourcecode.swift; path = "Store+CoreDataClass.swift"; sourceTree = "<group>"; };
		3FB2C5432074398200CF6463 /* Store+CoreDataProperties.swift */ = {isa = PBXFileReference; lastKnownFileType = sourcecode.swift; path = "Store+CoreDataProperties.swift"; sourceTree = "<group>"; };
		3FD7C36C207546EA0036D8BD /* MapViewController.swift */ = {isa = PBXFileReference; lastKnownFileType = sourcecode.swift; path = MapViewController.swift; sourceTree = "<group>"; };
/* End PBXFileReference section */

/* Begin PBXFrameworksBuildPhase section */
		3FB2C4E1207401EB00CF6463 /* Frameworks */ = {
			isa = PBXFrameworksBuildPhase;
			buildActionMask = 2147483647;
			files = (
			);
			runOnlyForDeploymentPostprocessing = 0;
		};
		3FB2C4F5207401EB00CF6463 /* Frameworks */ = {
			isa = PBXFrameworksBuildPhase;
			buildActionMask = 2147483647;
			files = (
			);
			runOnlyForDeploymentPostprocessing = 0;
		};
		3FB2C500207401EB00CF6463 /* Frameworks */ = {
			isa = PBXFrameworksBuildPhase;
			buildActionMask = 2147483647;
			files = (
			);
			runOnlyForDeploymentPostprocessing = 0;
		};
/* End PBXFrameworksBuildPhase section */

/* Begin PBXGroup section */
		3FB2C4DB207401EA00CF6463 = {
			isa = PBXGroup;
			children = (
				3FB2C4E6207401EB00CF6463 /* project */,
				3FB2C4FB207401EB00CF6463 /* projectTests */,
				3FB2C506207401EB00CF6463 /* projectUITests */,
				3FB2C4E5207401EB00CF6463 /* Products */,
			);
			sourceTree = "<group>";
		};
		3FB2C4E5207401EB00CF6463 /* Products */ = {
			isa = PBXGroup;
			children = (
				3FB2C4E4207401EB00CF6463 /* project.app */,
				3FB2C4F8207401EB00CF6463 /* projectTests.xctest */,
				3FB2C503207401EB00CF6463 /* projectUITests.xctest */,
			);
			name = Products;
			sourceTree = "<group>";
		};
		3FB2C4E6207401EB00CF6463 /* project */ = {
			isa = PBXGroup;
			children = (
				3FB2C541207435C400CF6463 /* Datamodel */,
				3FB2C4E7207401EB00CF6463 /* AppDelegate.swift */,
				3FB2C4E9207401EB00CF6463 /* ViewController.swift */,
				3FB2C4EB207401EB00CF6463 /* Main.storyboard */,
				3FD7C36C207546EA0036D8BD /* MapViewController.swift */,
				3FB2C5192074194300CF6463 /* PickStoreImageTableViewController.swift */,
				3FB2C517207418A500CF6463 /* AddStoreTableViewController.swift */,
				3FB2C5152074143B00CF6463 /* GroceryStoreListTableViewController.swift */,
				3FB2C4EE207401EB00CF6463 /* Assets.xcassets */,
				3FB2C4F0207401EB00CF6463 /* LaunchScreen.storyboard */,
				3FB2C4F3207401EB00CF6463 /* Info.plist */,
			);
			path = project;
			sourceTree = "<group>";
		};
		3FB2C4FB207401EB00CF6463 /* projectTests */ = {
			isa = PBXGroup;
			children = (
				3FB2C4FC207401EB00CF6463 /* projectTests.swift */,
				3FB2C4FE207401EB00CF6463 /* Info.plist */,
			);
			path = projectTests;
			sourceTree = "<group>";
		};
		3FB2C506207401EB00CF6463 /* projectUITests */ = {
			isa = PBXGroup;
			children = (
				3FB2C507207401EB00CF6463 /* projectUITests.swift */,
				3FB2C509207401EB00CF6463 /* Info.plist */,
			);
			path = projectUITests;
			sourceTree = "<group>";
		};
		3FB2C541207435C400CF6463 /* Datamodel */ = {
			isa = PBXGroup;
			children = (
				3FB2C5432074398200CF6463 /* Store+CoreDataProperties.swift */,
				3FB2C5422074398200CF6463 /* Store+CoreDataClass.swift */,
				3FB2C53A2074352F00CF6463 /* Datamodel.xcdatamodeld */,
			);
			name = Datamodel;
			path = "New Group";
			sourceTree = "<group>";
		};
/* End PBXGroup section */

/* Begin PBXNativeTarget section */
		3FB2C4E3207401EB00CF6463 /* project */ = {
			isa = PBXNativeTarget;
			buildConfigurationList = 3FB2C50C207401EB00CF6463 /* Build configuration list for PBXNativeTarget "project" */;
			buildPhases = (
				3FB2C4E0207401EB00CF6463 /* Sources */,
				3FB2C4E1207401EB00CF6463 /* Frameworks */,
				3FB2C4E2207401EB00CF6463 /* Resources */,
			);
			buildRules = (
			);
			dependencies = (
			);
			name = project;
			productName = project;
			productReference = 3FB2C4E4207401EB00CF6463 /* project.app */;
			productType = "com.apple.product-type.application";
		};
		3FB2C4F7207401EB00CF6463 /* projectTests */ = {
			isa = PBXNativeTarget;
			buildConfigurationList = 3FB2C50F207401EB00CF6463 /* Build configuration list for PBXNativeTarget "projectTests" */;
			buildPhases = (
				3FB2C4F4207401EB00CF6463 /* Sources */,
				3FB2C4F5207401EB00CF6463 /* Frameworks */,
				3FB2C4F6207401EB00CF6463 /* Resources */,
			);
			buildRules = (
			);
			dependencies = (
				3FB2C4FA207401EB00CF6463 /* PBXTargetDependency */,
			);
			name = projectTests;
			productName = projectTests;
			productReference = 3FB2C4F8207401EB00CF6463 /* projectTests.xctest */;
			productType = "com.apple.product-type.bundle.unit-test";
		};
		3FB2C502207401EB00CF6463 /* projectUITests */ = {
			isa = PBXNativeTarget;
			buildConfigurationList = 3FB2C512207401EB00CF6463 /* Build configuration list for PBXNativeTarget "projectUITests" */;
			buildPhases = (
				3FB2C4FF207401EB00CF6463 /* Sources */,
				3FB2C500207401EB00CF6463 /* Frameworks */,
				3FB2C501207401EB00CF6463 /* Resources */,
			);
			buildRules = (
			);
			dependencies = (
				3FB2C505207401EB00CF6463 /* PBXTargetDependency */,
			);
			name = projectUITests;
			productName = projectUITests;
			productReference = 3FB2C503207401EB00CF6463 /* projectUITests.xctest */;
			productType = "com.apple.product-type.bundle.ui-testing";
		};
/* End PBXNativeTarget section */

/* Begin PBXProject section */
		3FB2C4DC207401EB00CF6463 /* Project object */ = {
			isa = PBXProject;
			attributes = {
				LastSwiftUpdateCheck = 0920;
				LastUpgradeCheck = 0920;
				ORGANIZATIONNAME = Student;
				TargetAttributes = {
					3FB2C4E3207401EB00CF6463 = {
						CreatedOnToolsVersion = 9.2;
						ProvisioningStyle = Automatic;
					};
					3FB2C4F7207401EB00CF6463 = {
						CreatedOnToolsVersion = 9.2;
						ProvisioningStyle = Automatic;
						TestTargetID = 3FB2C4E3207401EB00CF6463;
					};
					3FB2C502207401EB00CF6463 = {
						CreatedOnToolsVersion = 9.2;
						ProvisioningStyle = Automatic;
						TestTargetID = 3FB2C4E3207401EB00CF6463;
					};
				};
			};
			buildConfigurationList = 3FB2C4DF207401EB00CF6463 /* Build configuration list for PBXProject "project" */;
			compatibilityVersion = "Xcode 8.0";
			developmentRegion = en;
			hasScannedForEncodings = 0;
			knownRegions = (
				en,
				Base,
			);
			mainGroup = 3FB2C4DB207401EA00CF6463;
			productRefGroup = 3FB2C4E5207401EB00CF6463 /* Products */;
			projectDirPath = "";
			projectRoot = "";
			targets = (
				3FB2C4E3207401EB00CF6463 /* project */,
				3FB2C4F7207401EB00CF6463 /* projectTests */,
				3FB2C502207401EB00CF6463 /* projectUITests */,
			);
		};
/* End PBXProject section */

/* Begin PBXResourcesBuildPhase section */
		3FB2C4E2207401EB00CF6463 /* Resources */ = {
			isa = PBXResourcesBuildPhase;
			buildActionMask = 2147483647;
			files = (
				3FB2C4F2207401EB00CF6463 /* LaunchScreen.storyboard in Resources */,
				3FB2C4EF207401EB00CF6463 /* Assets.xcassets in Resources */,
				3FB2C4ED207401EB00CF6463 /* Main.storyboard in Resources */,
			);
			runOnlyForDeploymentPostprocessing = 0;
		};
		3FB2C4F6207401EB00CF6463 /* Resources */ = {
			isa = PBXResourcesBuildPhase;
			buildActionMask = 2147483647;
			files = (
			);
			runOnlyForDeploymentPostprocessing = 0;
		};
		3FB2C501207401EB00CF6463 /* Resources */ = {
			isa = PBXResourcesBuildPhase;
			buildActionMask = 2147483647;
			files = (
			);
			runOnlyForDeploymentPostprocessing = 0;
		};
/* End PBXResourcesBuildPhase section */

/* Begin PBXSourcesBuildPhase section */
		3FB2C4E0207401EB00CF6463 /* Sources */ = {
			isa = PBXSourcesBuildPhase;
			buildActionMask = 2147483647;
			files = (
				3FB2C4EA207401EB00CF6463 /* ViewController.swift in Sources */,
				3FB2C5452074398200CF6463 /* Store+CoreDataProperties.swift in Sources */,
				3FB2C53C2074352F00CF6463 /* Datamodel.xcdatamodeld in Sources */,
				3FB2C51A2074194300CF6463 /* PickStoreImageTableViewController.swift in Sources */,
				3FD7C36D207546EA0036D8BD /* MapViewController.swift in Sources */,
				3FB2C4E8207401EB00CF6463 /* AppDelegate.swift in Sources */,
				3FB2C5162074143B00CF6463 /* GroceryStoreListTableViewController.swift in Sources */,
				3FB2C5442074398200CF6463 /* Store+CoreDataClass.swift in Sources */,
				3FB2C518207418A500CF6463 /* AddStoreTableViewController.swift in Sources */,
			);
			runOnlyForDeploymentPostprocessing = 0;
		};
		3FB2C4F4207401EB00CF6463 /* Sources */ = {
			isa = PBXSourcesBuildPhase;
			buildActionMask = 2147483647;
			files = (
				3FB2C4FD207401EB00CF6463 /* projectTests.swift in Sources */,
			);
			runOnlyForDeploymentPostprocessing = 0;
		};
		3FB2C4FF207401EB00CF6463 /* Sources */ = {
			isa = PBXSourcesBuildPhase;
			buildActionMask = 2147483647;
			files = (
				3FB2C508207401EB00CF6463 /* projectUITests.swift in Sources */,
			);
			runOnlyForDeploymentPostprocessing = 0;
		};
/* End PBXSourcesBuildPhase section */

/* Begin PBXTargetDependency section */
		3FB2C4FA207401EB00CF6463 /* PBXTargetDependency */ = {
			isa = PBXTargetDependency;
			target = 3FB2C4E3207401EB00CF6463 /* project */;
			targetProxy = 3FB2C4F9207401EB00CF6463 /* PBXContainerItemProxy */;
		};
		3FB2C505207401EB00CF6463 /* PBXTargetDependency */ = {
			isa = PBXTargetDependency;
			target = 3FB2C4E3207401EB00CF6463 /* project */;
			targetProxy = 3FB2C504207401EB00CF6463 /* PBXContainerItemProxy */;
		};
/* End PBXTargetDependency section */

/* Begin PBXVariantGroup section */
		3FB2C4EB207401EB00CF6463 /* Main.storyboard */ = {
			isa = PBXVariantGroup;
			children = (
				3FB2C4EC207401EB00CF6463 /* Base */,
			);
			name = Main.storyboard;
			sourceTree = "<group>";
		};
		3FB2C4F0207401EB00CF6463 /* LaunchScreen.storyboard */ = {
			isa = PBXVariantGroup;
			children = (
				3FB2C4F1207401EB00CF6463 /* Base */,
			);
			name = LaunchScreen.storyboard;
			sourceTree = "<group>";
		};
/* End PBXVariantGroup section */

/* Begin XCBuildConfiguration section */
		3FB2C50A207401EB00CF6463 /* Debug */ = {
			isa = XCBuildConfiguration;
			buildSettings = {
				ALWAYS_SEARCH_USER_PATHS = NO;
				CLANG_ANALYZER_NONNULL = YES;
				CLANG_ANALYZER_NUMBER_OBJECT_CONVERSION = YES_AGGRESSIVE;
				CLANG_CXX_LANGUAGE_STANDARD = "gnu++14";
				CLANG_CXX_LIBRARY = "libc++";
				CLANG_ENABLE_MODULES = YES;
				CLANG_ENABLE_OBJC_ARC = YES;
				CLANG_WARN_BLOCK_CAPTURE_AUTORELEASING = YES;
				CLANG_WARN_BOOL_CONVERSION = YES;
				CLANG_WARN_COMMA = YES;
				CLANG_WARN_CONSTANT_CONVERSION = YES;
				CLANG_WARN_DIRECT_OBJC_ISA_USAGE = YES_ERROR;
				CLANG_WARN_DOCUMENTATION_COMMENTS = YES;
				CLANG_WARN_EMPTY_BODY = YES;
				CLANG_WARN_ENUM_CONVERSION = YES;
				CLANG_WARN_INFINITE_RECURSION = YES;
				CLANG_WARN_INT_CONVERSION = YES;
				CLANG_WARN_NON_LITERAL_NULL_CONVERSION = YES;
				CLANG_WARN_OBJC_LITERAL_CONVERSION = YES;
				CLANG_WARN_OBJC_ROOT_CLASS = YES_ERROR;
				CLANG_WARN_RANGE_LOOP_ANALYSIS = YES;
				CLANG_WARN_STRICT_PROTOTYPES = YES;
				CLANG_WARN_SUSPICIOUS_MOVE = YES;
				CLANG_WARN_UNGUARDED_AVAILABILITY = YES_AGGRESSIVE;
				CLANG_WARN_UNREACHABLE_CODE = YES;
				CLANG_WARN__DUPLICATE_METHOD_MATCH = YES;
				CODE_SIGN_IDENTITY = "iPhone Developer";
				COPY_PHASE_STRIP = NO;
				DEBUG_INFORMATION_FORMAT = dwarf;
				ENABLE_STRICT_OBJC_MSGSEND = YES;
				ENABLE_TESTABILITY = YES;
				GCC_C_LANGUAGE_STANDARD = gnu11;
				GCC_DYNAMIC_NO_PIC = NO;
				GCC_NO_COMMON_BLOCKS = YES;
				GCC_OPTIMIZATION_LEVEL = 0;
				GCC_PREPROCESSOR_DEFINITIONS = (
					"DEBUG=1",
					"$(inherited)",
				);
				GCC_WARN_64_TO_32_BIT_CONVERSION = YES;
				GCC_WARN_ABOUT_RETURN_TYPE = YES_ERROR;
				GCC_WARN_UNDECLARED_SELECTOR = YES;
				GCC_WARN_UNINITIALIZED_AUTOS = YES_AGGRESSIVE;
				GCC_WARN_UNUSED_FUNCTION = YES;
				GCC_WARN_UNUSED_VARIABLE = YES;
				IPHONEOS_DEPLOYMENT_TARGET = 11.2;
				MTL_ENABLE_DEBUG_INFO = YES;
				ONLY_ACTIVE_ARCH = YES;
				SDKROOT = iphoneos;
				SWIFT_ACTIVE_COMPILATION_CONDITIONS = DEBUG;
				SWIFT_OPTIMIZATION_LEVEL = "-Onone";
			};
			name = Debug;
		};
		3FB2C50B207401EB00CF6463 /* Release */ = {
			isa = XCBuildConfiguration;
			buildSettings = {
				ALWAYS_SEARCH_USER_PATHS = NO;
				CLANG_ANALYZER_NONNULL = YES;
				CLANG_ANALYZER_NUMBER_OBJECT_CONVERSION = YES_AGGRESSIVE;
				CLANG_CXX_LANGUAGE_STANDARD = "gnu++14";
				CLANG_CXX_LIBRARY = "libc++";
				CLANG_ENABLE_MODULES = YES;
				CLANG_ENABLE_OBJC_ARC = YES;
				CLANG_WARN_BLOCK_CAPTURE_AUTORELEASING = YES;
				CLANG_WARN_BOOL_CONVERSION = YES;
				CLANG_WARN_COMMA = YES;
				CLANG_WARN_CONSTANT_CONVERSION = YES;
				CLANG_WARN_DIRECT_OBJC_ISA_USAGE = YES_ERROR;
				CLANG_WARN_DOCUMENTATION_COMMENTS = YES;
				CLANG_WARN_EMPTY_BODY = YES;
				CLANG_WARN_ENUM_CONVERSION = YES;
				CLANG_WARN_INFINITE_RECURSION = YES;
				CLANG_WARN_INT_CONVERSION = YES;
				CLANG_WARN_NON_LITERAL_NULL_CONVERSION = YES;
				CLANG_WARN_OBJC_LITERAL_CONVERSION = YES;
				CLANG_WARN_OBJC_ROOT_CLASS = YES_ERROR;
				CLANG_WARN_RANGE_LOOP_ANALYSIS = YES;
				CLANG_WARN_STRICT_PROTOTYPES = YES;
				CLANG_WARN_SUSPICIOUS_MOVE = YES;
				CLANG_WARN_UNGUARDED_AVAILABILITY = YES_AGGRESSIVE;
				CLANG_WARN_UNREACHABLE_CODE = YES;
				CLANG_WARN__DUPLICATE_METHOD_MATCH = YES;
				CODE_SIGN_IDENTITY = "iPhone Developer";
				COPY_PHASE_STRIP = NO;
				DEBUG_INFORMATION_FORMAT = "dwarf-with-dsym";
				ENABLE_NS_ASSERTIONS = NO;
				ENABLE_STRICT_OBJC_MSGSEND = YES;
				GCC_C_LANGUAGE_STANDARD = gnu11;
				GCC_NO_COMMON_BLOCKS = YES;
				GCC_WARN_64_TO_32_BIT_CONVERSION = YES;
				GCC_WARN_ABOUT_RETURN_TYPE = YES_ERROR;
				GCC_WARN_UNDECLARED_SELECTOR = YES;
				GCC_WARN_UNINITIALIZED_AUTOS = YES_AGGRESSIVE;
				GCC_WARN_UNUSED_FUNCTION = YES;
				GCC_WARN_UNUSED_VARIABLE = YES;
				IPHONEOS_DEPLOYMENT_TARGET = 11.2;
				MTL_ENABLE_DEBUG_INFO = NO;
				SDKROOT = iphoneos;
				SWIFT_OPTIMIZATION_LEVEL = "-Owholemodule";
				VALIDATE_PRODUCT = YES;
			};
			name = Release;
		};
		3FB2C50D207401EB00CF6463 /* Debug */ = {
			isa = XCBuildConfiguration;
			buildSettings = {
				ASSETCATALOG_COMPILER_APPICON_NAME = AppIcon;
				CODE_SIGN_STYLE = Automatic;
				INFOPLIST_FILE = project/Info.plist;
				LD_RUNPATH_SEARCH_PATHS = "$(inherited) @executable_path/Frameworks";
				PRODUCT_BUNDLE_IDENTIFIER = hello.project;
				PRODUCT_NAME = "$(TARGET_NAME)";
				SWIFT_VERSION = 4.0;
				TARGETED_DEVICE_FAMILY = "1,2";
			};
			name = Debug;
		};
		3FB2C50E207401EB00CF6463 /* Release */ = {
			isa = XCBuildConfiguration;
			buildSettings = {
				ASSETCATALOG_COMPILER_APPICON_NAME = AppIcon;
				CODE_SIGN_STYLE = Automatic;
				INFOPLIST_FILE = project/Info.plist;
				LD_RUNPATH_SEARCH_PATHS = "$(inherited) @executable_path/Frameworks";
				PRODUCT_BUNDLE_IDENTIFIER = hello.project;
				PRODUCT_NAME = "$(TARGET_NAME)";
				SWIFT_VERSION = 4.0;
				TARGETED_DEVICE_FAMILY = "1,2";
			};
			name = Release;
		};
		3FB2C510207401EB00CF6463 /* Debug */ = {
			isa = XCBuildConfiguration;
			buildSettings = {
				ALWAYS_EMBED_SWIFT_STANDARD_LIBRARIES = YES;
				BUNDLE_LOADER = "$(TEST_HOST)";
				CODE_SIGN_STYLE = Automatic;
				INFOPLIST_FILE = projectTests/Info.plist;
				LD_RUNPATH_SEARCH_PATHS = "$(inherited) @executable_path/Frameworks @loader_path/Frameworks";
				PRODUCT_BUNDLE_IDENTIFIER = hello.projectTests;
				PRODUCT_NAME = "$(TARGET_NAME)";
				SWIFT_VERSION = 4.0;
				TARGETED_DEVICE_FAMILY = "1,2";
				TEST_HOST = "$(BUILT_PRODUCTS_DIR)/project.app/project";
			};
			name = Debug;
		};
		3FB2C511207401EB00CF6463 /* Release */ = {
			isa = XCBuildConfiguration;
			buildSettings = {
				ALWAYS_EMBED_SWIFT_STANDARD_LIBRARIES = YES;
				BUNDLE_LOADER = "$(TEST_HOST)";
				CODE_SIGN_STYLE = Automatic;
				INFOPLIST_FILE = projectTests/Info.plist;
				LD_RUNPATH_SEARCH_PATHS = "$(inherited) @executable_path/Frameworks @loader_path/Frameworks";
				PRODUCT_BUNDLE_IDENTIFIER = hello.projectTests;
				PRODUCT_NAME = "$(TARGET_NAME)";
				SWIFT_VERSION = 4.0;
				TARGETED_DEVICE_FAMILY = "1,2";
				TEST_HOST = "$(BUILT_PRODUCTS_DIR)/project.app/project";
			};
			name = Release;
		};
		3FB2C513207401EB00CF6463 /* Debug */ = {
			isa = XCBuildConfiguration;
			buildSettings = {
				ALWAYS_EMBED_SWIFT_STANDARD_LIBRARIES = YES;
				CODE_SIGN_STYLE = Automatic;
				INFOPLIST_FILE = projectUITests/Info.plist;
				LD_RUNPATH_SEARCH_PATHS = "$(inherited) @executable_path/Frameworks @loader_path/Frameworks";
				PRODUCT_BUNDLE_IDENTIFIER = hello.projectUITests;
				PRODUCT_NAME = "$(TARGET_NAME)";
				SWIFT_VERSION = 4.0;
				TARGETED_DEVICE_FAMILY = "1,2";
				TEST_TARGET_NAME = project;
			};
			name = Debug;
		};
		3FB2C514207401EB00CF6463 /* Release */ = {
			isa = XCBuildConfiguration;
			buildSettings = {
				ALWAYS_EMBED_SWIFT_STANDARD_LIBRARIES = YES;
				CODE_SIGN_STYLE = Automatic;
				INFOPLIST_FILE = projectUITests/Info.plist;
				LD_RUNPATH_SEARCH_PATHS = "$(inherited) @executable_path/Frameworks @loader_path/Frameworks";
				PRODUCT_BUNDLE_IDENTIFIER = hello.projectUITests;
				PRODUCT_NAME = "$(TARGET_NAME)";
				SWIFT_VERSION = 4.0;
				TARGETED_DEVICE_FAMILY = "1,2";
				TEST_TARGET_NAME = project;
			};
			name = Release;
		};
/* End XCBuildConfiguration section */

/* Begin XCConfigurationList section */
		3FB2C4DF207401EB00CF6463 /* Build configuration list for PBXProject "project" */ = {
			isa = XCConfigurationList;
			buildConfigurations = (
				3FB2C50A207401EB00CF6463 /* Debug */,
				3FB2C50B207401EB00CF6463 /* Release */,
			);
			defaultConfigurationIsVisible = 0;
			defaultConfigurationName = Release;
		};
		3FB2C50C207401EB00CF6463 /* Build configuration list for PBXNativeTarget "project" */ = {
			isa = XCConfigurationList;
			buildConfigurations = (
				3FB2C50D207401EB00CF6463 /* Debug */,
				3FB2C50E207401EB00CF6463 /* Release */,
			);
			defaultConfigurationIsVisible = 0;
			defaultConfigurationName = Release;
		};
		3FB2C50F207401EB00CF6463 /* Build configuration list for PBXNativeTarget "projectTests" */ = {
			isa = XCConfigurationList;
			buildConfigurations = (
				3FB2C510207401EB00CF6463 /* Debug */,
				3FB2C511207401EB00CF6463 /* Release */,
			);
			defaultConfigurationIsVisible = 0;
			defaultConfigurationName = Release;
		};
		3FB2C512207401EB00CF6463 /* Build configuration list for PBXNativeTarget "projectUITests" */ = {
			isa = XCConfigurationList;
			buildConfigurations = (
				3FB2C513207401EB00CF6463 /* Debug */,
				3FB2C514207401EB00CF6463 /* Release */,
			);
			defaultConfigurationIsVisible = 0;
			defaultConfigurationName = Release;
		};
/* End XCConfigurationList section */

/* Begin XCVersionGroup section */
		3FB2C53A2074352F00CF6463 /* Datamodel.xcdatamodeld */ = {
			isa = XCVersionGroup;
			children = (
				3FB2C53B2074352F00CF6463 /* Datamodel.xcdatamodel */,
			);
			currentVersion = 3FB2C53B2074352F00CF6463 /* Datamodel.xcdatamodel */;
			path = Datamodel.xcdatamodeld;
			sourceTree = "<group>";
			versionGroupType = wrapper.xcdatamodel;
		};
/* End XCVersionGroup section */
	};
	rootObject = 3FB2C4DC207401EB00CF6463 /* Project object */;
}
